
Microsoft Visual Studio Solution File, Format Version 12.00
# Visual Studio Version 17
VisualStudioVersion = 17.3.32811.315
MinimumVisualStudioVersion = 10.0.40219.1
Project("{2150E333-8FDC-42A3-9474-1A3956D46DE8}") = "Services", "Services", "{58FBD7A8-A01A-48F1-9ABA-D0EBBFB759F3}"
EndProject
Project("{2150E333-8FDC-42A3-9474-1A3956D46DE8}") = "Catalog", "Catalog", "{67DF07D0-1D38-491C-8FE0-3D8CD6EF6724}"
EndProject
Project("{FAE04EC0-301F-11D3-BF4B-00C04F79EFBC}") = "CatalogAPI", "Services\Catalog\CatalogAPI\CatalogAPI.csproj", "{CBB3CB51-FAF4-4632-BECA-8CB39AC2FFA4}"
EndProject
Global
	GlobalSection(SolutionConfigurationPlatforms) = preSolution
		Debug|Any CPU = Debug|Any CPU
		Release|Any CPU = Release|Any CPU
	EndGlobalSection
	GlobalSection(ProjectConfigurationPlatforms) = postSolution
		{CBB3CB51-FAF4-4632-BECA-8CB39AC2FFA4}.Debug|Any CPU.ActiveCfg = Debug|Any CPU
		{CBB3CB51-FAF4-4632-BECA-8CB39AC2FFA4}.Debug|Any CPU.Build.0 = Debug|Any CPU
		{CBB3CB51-FAF4-4632-BECA-8CB39AC2FFA4}.Release|Any CPU.ActiveCfg = Release|Any CPU
		{CBB3CB51-FAF4-4632-BECA-8CB39AC2FFA4}.Release|Any CPU.Build.0 = Release|Any CPU
	EndGlobalSection
	GlobalSection(SolutionProperties) = preSolution
		HideSolutionNode = FALSE
	EndGlobalSection
	GlobalSection(NestedProjects) = preSolution
		{67DF07D0-1D38-491C-8FE0-3D8CD6EF6724} = {58FBD7A8-A01A-48F1-9ABA-D0EBBFB759F3}
		{CBB3CB51-FAF4-4632-BECA-8CB39AC2FFA4} = {67DF07D0-1D38-491C-8FE0-3D8CD6EF6724}
	EndGlobalSection
	GlobalSection(ExtensibilityGlobals) = postSolution
		SolutionGuid = {CC5F6621-0974-4ACC-9CBF-40B8479B3682}
	EndGlobalSection
EndGlobal
